
Microsoft Visual Studio Solution File, Format Version 12.00
# Visual Studio Version 16
VisualStudioVersion = 16.0.31205.134
MinimumVisualStudioVersion = 10.0.40219.1
Project("{FAE04EC0-301F-11D3-BF4B-00C04F79EFBC}") = "WinForm-CSharp-hw3", "WinForm-CSharp-hw3\WinForm-CSharp-hw3.csproj", "{7CA61457-1248-49FB-BB06-129E82A52316}"
EndProject
Global
	GlobalSection(SolutionConfigurationPlatforms) = preSolution
		Debug|Any CPU = Debug|Any CPU
		Release|Any CPU = Release|Any CPU
	EndGlobalSection
	GlobalSection(ProjectConfigurationPlatforms) = postSolution
		{7CA61457-1248-49FB-BB06-129E82A52316}.Debug|Any CPU.ActiveCfg = Debug|Any CPU
		{7CA61457-1248-49FB-BB06-129E82A52316}.Debug|Any CPU.Build.0 = Debug|Any CPU
		{7CA61457-1248-49FB-BB06-129E82A52316}.Release|Any CPU.ActiveCfg = Release|Any CPU
		{7CA61457-1248-49FB-BB06-129E82A52316}.Release|Any CPU.Build.0 = Release|Any CPU
	EndGlobalSection
	GlobalSection(SolutionProperties) = preSolution
		HideSolutionNode = FALSE
	EndGlobalSection
	GlobalSection(ExtensibilityGlobals) = postSolution
		SolutionGuid = {9DF6033C-C077-4E97-ADE9-5EBDEEEB8C74}
	EndGlobalSection
EndGlobal
